{
  "nodes": {
    "nixpkgs": {
      "locked": {
        "lastModified": 1738553537,
        "narHash": "sha256-HrrsuYIOl14dreCDUsXQGrWxdiU8LPKxcIo759jUk6Q=",
        "owner": "nixos",
        "repo": "nixpkgs",
        "rev": "2d31b9476b7c6f5b029e595586b0b112a7ad130b",
        "type": "github"
      },
      "original": {
        "owner": "nixos",
        "ref": "nixpkgs-unstable",
        "repo": "nixpkgs",
        "type": "github"
      }
    },
    "root": {
      "inputs": {
        "nixpkgs": "nixpkgs",
        "tigerbeetle-src": "tigerbeetle-src"
      }
    },
    "tigerbeetle-src": {
      "flake": false,
      "locked": {
        "lastModified": 1738612412,
        "narHash": "sha256-fuMv7yYxpzeGa3wOA4VdCeksdAXR5m2b7HuaPnIPCfg=",
        "owner": "tigerbeetle",
        "repo": "tigerbeetle",
        "rev": "d6eff0f84b76ea40ef1898778e7594a319c46698",
        "type": "github"
      },
      "original": {
        "owner": "tigerbeetle",
        "repo": "tigerbeetle",
        "type": "github"
      }
    }
  },
  "root": "root",
  "version": 7
}
