{
  "nodes": {
    "nixpkgs": {
      "locked": {
        "lastModified": 1738553537,
        "narHash": "sha256-HrrsuYIOl14dreCDUsXQGrWxdiU8LPKxcIo759jUk6Q=",
        "owner": "nixos",
        "repo": "nixpkgs",
        "rev": "2d31b9476b7c6f5b029e595586b0b112a7ad130b",
        "type": "github"
      },
      "original": {
        "owner": "nixos",
        "ref": "nixpkgs-unstable",
        "repo": "nixpkgs",
        "type": "github"
      }
    },
    "root": {
      "inputs": {
        "nixpkgs": "nixpkgs",
        "tigerbeetle-src": "tigerbeetle-src"
      }
    },
    "tigerbeetle-src": {
      "flake": false,
      "locked": {
        "lastModified": 1742840856,
        "narHash": "sha256-OdSQZ9imBcIxmuMIT0PqpqOvUskpOeuy2SNhoVbN0T0=",
        "owner": "tigerbeetle",
        "repo": "tigerbeetle",
        "rev": "972367f51e187d5bce7e04d868b787332c2701a5",
        "type": "github"
      },
      "original": {
        "owner": "tigerbeetle",
        "ref": "refs/tags/0.16.33",
        "repo": "tigerbeetle",
        "type": "github"
      }
    }
  },
  "root": "root",
  "version": 7
}
